// !$*UTF8*$!
{
	archiveVersion = 1;
	classes = {
	};
	objectVersion = 56;
	objects = {

/* Begin PBXBuildFile section */
		0C05510E2BDBEEE100902810 /* HabitTrackerApp.swift in Sources */ = {isa = PBXBuildFile; fileRef = 0C05510D2BDBEEE100902810 /* HabitTrackerApp.swift */; };
		0C0551102BDBEEE100902810 /* MainView.swift in Sources */ = {isa = PBXBuildFile; fileRef = 0C05510F2BDBEEE100902810 /* MainView.swift */; };
		0C0551122BDBEEE300902810 /* Assets.xcassets in Resources */ = {isa = PBXBuildFile; fileRef = 0C0551112BDBEEE300902810 /* Assets.xcassets */; };
		0C0551152BDBEEE300902810 /* Preview Assets.xcassets in Resources */ = {isa = PBXBuildFile; fileRef = 0C0551142BDBEEE300902810 /* Preview Assets.xcassets */; };
		0C05511F2BDBEEE300902810 /* HabitTrackerTests.swift in Sources */ = {isa = PBXBuildFile; fileRef = 0C05511E2BDBEEE300902810 /* HabitTrackerTests.swift */; };
		0C0551292BDBEEE300902810 /* HabitTrackerUITests.swift in Sources */ = {isa = PBXBuildFile; fileRef = 0C0551282BDBEEE300902810 /* HabitTrackerUITests.swift */; };
		0C05512B2BDBEEE300902810 /* HabitTrackerUITestsLaunchTests.swift in Sources */ = {isa = PBXBuildFile; fileRef = 0C05512A2BDBEEE300902810 /* HabitTrackerUITestsLaunchTests.swift */; };
		0C0551392BDBEF8A00902810 /* FirebaseAuth in Frameworks */ = {isa = PBXBuildFile; productRef = 0C0551382BDBEF8A00902810 /* FirebaseAuth */; };
		0C05513B2BDBEF8A00902810 /* FirebaseFirestore in Frameworks */ = {isa = PBXBuildFile; productRef = 0C05513A2BDBEF8A00902810 /* FirebaseFirestore */; };
		0C05513D2BDBEF8A00902810 /* FirebaseFirestoreSwift in Frameworks */ = {isa = PBXBuildFile; productRef = 0C05513C2BDBEF8A00902810 /* FirebaseFirestoreSwift */; };
		0C0551412BDBEFFC00902810 /* GoogleService-Info.plist in Resources */ = {isa = PBXBuildFile; fileRef = 0C0551402BDBEFFC00902810 /* GoogleService-Info.plist */; };
		0C0551462BDBF0A300902810 /* MyDayView.swift in Sources */ = {isa = PBXBuildFile; fileRef = 0C0551452BDBF0A300902810 /* MyDayView.swift */; };
		0C0551482BDBF0B200902810 /* ActivityView.swift in Sources */ = {isa = PBXBuildFile; fileRef = 0C0551472BDBF0B200902810 /* ActivityView.swift */; };
		0C05514A2BDBF0C600902810 /* AccountView.swift in Sources */ = {isa = PBXBuildFile; fileRef = 0C0551492BDBF0C600902810 /* AccountView.swift */; };
		0C05514E2BDBF0EC00902810 /* UserViewModel.swift in Sources */ = {isa = PBXBuildFile; fileRef = 0C05514D2BDBF0EC00902810 /* UserViewModel.swift */; };
		0C0551502BDBF10200902810 /* Activity.swift in Sources */ = {isa = PBXBuildFile; fileRef = 0C05514F2BDBF10200902810 /* Activity.swift */; };
		0C0551522BDBF10B00902810 /* Category.swift in Sources */ = {isa = PBXBuildFile; fileRef = 0C0551512BDBF10B00902810 /* Category.swift */; };
		0C0551542BDBF11400902810 /* User.swift in Sources */ = {isa = PBXBuildFile; fileRef = 0C0551532BDBF11400902810 /* User.swift */; };
		0C0551562BDBF11D00902810 /* OfficeWorkout.swift in Sources */ = {isa = PBXBuildFile; fileRef = 0C0551552BDBF11D00902810 /* OfficeWorkout.swift */; };
		0C0551582BDBF12600902810 /* Badge.swift in Sources */ = {isa = PBXBuildFile; fileRef = 0C0551572BDBF12600902810 /* Badge.swift */; };
		0C05515A2BDBF20100902810 /* AppColors.swift in Sources */ = {isa = PBXBuildFile; fileRef = 0C0551592BDBF20100902810 /* AppColors.swift */; };
		0C05515C2BEDF30F00902810 /* ActivityStatsView.swift in Sources */ = {isa = PBXBuildFile; fileRef = 0C05515B2BEDF30F00902810 /* ActivityStatsView.swift */; };
		0CEACC1B2BEB768000BCCACF /* FirebaseStorage in Frameworks */ = {isa = PBXBuildFile; productRef = 0CEACC1A2BEB768000BCCACF /* FirebaseStorage */; };
		0CEACC1D2BEB768000BCCACF /* FirebaseStorageCombine-Community in Frameworks */ = {isa = PBXBuildFile; productRef = 0CEACC1C2BEB768000BCCACF /* FirebaseStorageCombine-Community */; };
/* End PBXBuildFile section */

/* Begin PBXContainerItemProxy section */
		0C05511B2BDBEEE300902810 /* PBXContainerItemProxy */ = {
			isa = PBXContainerItemProxy;
			containerPortal = 0C0551022BDBEEE100902810 /* Project object */;
			proxyType = 1;
			remoteGlobalIDString = 0C0551092BDBEEE100902810;
			remoteInfo = HabitTracker;
		};
		0C0551252BDBEEE300902810 /* PBXContainerItemProxy */ = {
			isa = PBXContainerItemProxy;
			containerPortal = 0C0551022BDBEEE100902810 /* Project object */;
			proxyType = 1;
			remoteGlobalIDString = 0C0551092BDBEEE100902810;
			remoteInfo = HabitTracker;
		};
/* End PBXContainerItemProxy section */

/* Begin PBXFileReference section */
		0C05510A2BDBEEE100902810 /* HabitTracker.app */ = {isa = PBXFileReference; explicitFileType = wrapper.application; includeInIndex = 0; path = HabitTracker.app; sourceTree = BUILT_PRODUCTS_DIR; };
		0C05510D2BDBEEE100902810 /* HabitTrackerApp.swift */ = {isa = PBXFileReference; lastKnownFileType = sourcecode.swift; path = HabitTrackerApp.swift; sourceTree = "<group>"; };
		0C05510F2BDBEEE100902810 /* MainView.swift */ = {isa = PBXFileReference; lastKnownFileType = sourcecode.swift; path = MainView.swift; sourceTree = "<group>"; };
		0C0551112BDBEEE300902810 /* Assets.xcassets */ = {isa = PBXFileReference; lastKnownFileType = folder.assetcatalog; path = Assets.xcassets; sourceTree = "<group>"; };
		0C0551142BDBEEE300902810 /* Preview Assets.xcassets */ = {isa = PBXFileReference; lastKnownFileType = folder.assetcatalog; path = "Preview Assets.xcassets"; sourceTree = "<group>"; };
		0C05511A2BDBEEE300902810 /* HabitTrackerTests.xctest */ = {isa = PBXFileReference; explicitFileType = wrapper.cfbundle; includeInIndex = 0; path = HabitTrackerTests.xctest; sourceTree = BUILT_PRODUCTS_DIR; };
		0C05511E2BDBEEE300902810 /* HabitTrackerTests.swift */ = {isa = PBXFileReference; lastKnownFileType = sourcecode.swift; path = HabitTrackerTests.swift; sourceTree = "<group>"; };
		0C0551242BDBEEE300902810 /* HabitTrackerUITests.xctest */ = {isa = PBXFileReference; explicitFileType = wrapper.cfbundle; includeInIndex = 0; path = HabitTrackerUITests.xctest; sourceTree = BUILT_PRODUCTS_DIR; };
		0C0551282BDBEEE300902810 /* HabitTrackerUITests.swift */ = {isa = PBXFileReference; lastKnownFileType = sourcecode.swift; path = HabitTrackerUITests.swift; sourceTree = "<group>"; };
		0C05512A2BDBEEE300902810 /* HabitTrackerUITestsLaunchTests.swift */ = {isa = PBXFileReference; lastKnownFileType = sourcecode.swift; path = HabitTrackerUITestsLaunchTests.swift; sourceTree = "<group>"; };
		0C0551402BDBEFFC00902810 /* GoogleService-Info.plist */ = {isa = PBXFileReference; fileEncoding = 4; lastKnownFileType = text.plist.xml; path = "GoogleService-Info.plist"; sourceTree = "<group>"; };
		0C0551452BDBF0A300902810 /* MyDayView.swift */ = {isa = PBXFileReference; lastKnownFileType = sourcecode.swift; path = MyDayView.swift; sourceTree = "<group>"; };
		0C0551472BDBF0B200902810 /* ActivityView.swift */ = {isa = PBXFileReference; lastKnownFileType = sourcecode.swift; path = ActivityView.swift; sourceTree = "<group>"; };
		0C0551492BDBF0C600902810 /* AccountView.swift */ = {isa = PBXFileReference; lastKnownFileType = sourcecode.swift; path = AccountView.swift; sourceTree = "<group>"; };
		0C05514D2BDBF0EC00902810 /* UserViewModel.swift */ = {isa = PBXFileReference; lastKnownFileType = sourcecode.swift; path = UserViewModel.swift; sourceTree = "<group>"; };
		0C05514F2BDBF10200902810 /* Activity.swift */ = {isa = PBXFileReference; lastKnownFileType = sourcecode.swift; path = Activity.swift; sourceTree = "<group>"; };
		0C0551512BDBF10B00902810 /* Category.swift */ = {isa = PBXFileReference; lastKnownFileType = sourcecode.swift; path = Category.swift; sourceTree = "<group>"; };
		0C0551532BDBF11400902810 /* User.swift */ = {isa = PBXFileReference; lastKnownFileType = sourcecode.swift; path = User.swift; sourceTree = "<group>"; };
		0C0551552BDBF11D00902810 /* OfficeWorkout.swift */ = {isa = PBXFileReference; lastKnownFileType = sourcecode.swift; path = OfficeWorkout.swift; sourceTree = "<group>"; };
		0C0551572BDBF12600902810 /* Badge.swift */ = {isa = PBXFileReference; lastKnownFileType = sourcecode.swift; path = Badge.swift; sourceTree = "<group>"; };
		0C0551592BDBF20100902810 /* AppColors.swift */ = {isa = PBXFileReference; lastKnownFileType = sourcecode.swift; path = AppColors.swift; sourceTree = "<group>"; };
		0C05515B2BEDF30F00902810 /* ActivityStatsView.swift */ = {isa = PBXFileReference; lastKnownFileType = sourcecode.swift; path = ActivityStatsView.swift; sourceTree = "<group>"; };
/* End PBXFileReference section */

/* Begin PBXFrameworksBuildPhase section */
		0C0551072BDBEEE100902810 /* Frameworks */ = {
			isa = PBXFrameworksBuildPhase;
			buildActionMask = 2147483647;
			files = (
				0C0551392BDBEF8A00902810 /* FirebaseAuth in Frameworks */,
				0CEACC1B2BEB768000BCCACF /* FirebaseStorage in Frameworks */,
				0CEACC1D2BEB768000BCCACF /* FirebaseStorageCombine-Community in Frameworks */,
				0C05513B2BDBEF8A00902810 /* FirebaseFirestore in Frameworks */,
				0C05513D2BDBEF8A00902810 /* FirebaseFirestoreSwift in Frameworks */,
			);
			runOnlyForDeploymentPostprocessing = 0;
		};
		0C0551172BDBEEE300902810 /* Frameworks */ = {
			isa = PBXFrameworksBuildPhase;
			buildActionMask = 2147483647;
			files = (
			);
			runOnlyForDeploymentPostprocessing = 0;
		};
		0C0551212BDBEEE300902810 /* Frameworks */ = {
			isa = PBXFrameworksBuildPhase;
			buildActionMask = 2147483647;
			files = (
			);
			runOnlyForDeploymentPostprocessing = 0;
		};
/* End PBXFrameworksBuildPhase section */

/* Begin PBXGroup section */
		0C0551012BDBEEE100902810 = {
			isa = PBXGroup;
			children = (
				0C05510C2BDBEEE100902810 /* HabitTracker */,
				0C05511D2BDBEEE300902810 /* HabitTrackerTests */,
				0C0551272BDBEEE300902810 /* HabitTrackerUITests */,
				0C05510B2BDBEEE100902810 /* Products */,
			);
			sourceTree = "<group>";
		};
		0C05510B2BDBEEE100902810 /* Products */ = {
			isa = PBXGroup;
			children = (
				0C05510A2BDBEEE100902810 /* HabitTracker.app */,
				0C05511A2BDBEEE300902810 /* HabitTrackerTests.xctest */,
				0C0551242BDBEEE300902810 /* HabitTrackerUITests.xctest */,
			);
			name = Products;
			sourceTree = "<group>";
		};
		0C05510C2BDBEEE100902810 /* HabitTracker */ = {
			isa = PBXGroup;
			children = (
				0C0551402BDBEFFC00902810 /* GoogleService-Info.plist */,
				0C0551592BDBF20100902810 /* AppColors.swift */,
				0C05510D2BDBEEE100902810 /* HabitTrackerApp.swift */,
				0C0551422BDBF06B00902810 /* Views */,
				0C0551442BDBF08000902810 /* ViewModels */,
				0C0551432BDBF07500902810 /* Models */,
				0C0551112BDBEEE300902810 /* Assets.xcassets */,
				0C0551132BDBEEE300902810 /* Preview Content */,
			);
			path = HabitTracker;
			sourceTree = "<group>";
		};
		0C0551132BDBEEE300902810 /* Preview Content */ = {
			isa = PBXGroup;
			children = (
				0C0551142BDBEEE300902810 /* Preview Assets.xcassets */,
			);
			path = "Preview Content";
			sourceTree = "<group>";
		};
		0C05511D2BDBEEE300902810 /* HabitTrackerTests */ = {
			isa = PBXGroup;
			children = (
				0C05511E2BDBEEE300902810 /* HabitTrackerTests.swift */,
			);
			path = HabitTrackerTests;
			sourceTree = "<group>";
		};
		0C0551272BDBEEE300902810 /* HabitTrackerUITests */ = {
			isa = PBXGroup;
			children = (
				0C0551282BDBEEE300902810 /* HabitTrackerUITests.swift */,
				0C05512A2BDBEEE300902810 /* HabitTrackerUITestsLaunchTests.swift */,
			);
			path = HabitTrackerUITests;
			sourceTree = "<group>";
		};
		0C0551422BDBF06B00902810 /* Views */ = {
			isa = PBXGroup;
			children = (
				0C05510F2BDBEEE100902810 /* MainView.swift */,
				0C05515B2BEDF30F00902810 /* ActivityStatsView.swift */,
				0C0551452BDBF0A300902810 /* MyDayView.swift */,
				0C0551472BDBF0B200902810 /* ActivityView.swift */,
				0C0551492BDBF0C600902810 /* AccountView.swift */,
			);
			path = Views;
			sourceTree = "<group>";
		};
		0C0551432BDBF07500902810 /* Models */ = {
			isa = PBXGroup;
			children = (
				0C05514F2BDBF10200902810 /* Activity.swift */,
				0C0551512BDBF10B00902810 /* Category.swift */,
				0C0551532BDBF11400902810 /* User.swift */,
				0C0551552BDBF11D00902810 /* OfficeWorkout.swift */,
				0C0551572BDBF12600902810 /* Badge.swift */,
			);
			path = Models;
			sourceTree = "<group>";
		};
		0C0551442BDBF08000902810 /* ViewModels */ = {
			isa = PBXGroup;
			children = (
				0C05514D2BDBF0EC00902810 /* UserViewModel.swift */,
			);
			path = ViewModels;
			sourceTree = "<group>";
		};
/* End PBXGroup section */

/* Begin PBXNativeTarget section */
		0C0551092BDBEEE100902810 /* HabitTracker */ = {
			isa = PBXNativeTarget;
			buildConfigurationList = 0C05512E2BDBEEE300902810 /* Build configuration list for PBXNativeTarget "HabitTracker" */;
			buildPhases = (
				0C0551062BDBEEE100902810 /* Sources */,
				0C0551072BDBEEE100902810 /* Frameworks */,
				0C0551082BDBEEE100902810 /* Resources */,
			);
			buildRules = (
			);
			dependencies = (
			);
			name = HabitTracker;
			packageProductDependencies = (
				0C0551382BDBEF8A00902810 /* FirebaseAuth */,
				0C05513A2BDBEF8A00902810 /* FirebaseFirestore */,
				0C05513C2BDBEF8A00902810 /* FirebaseFirestoreSwift */,
				0CEACC1A2BEB768000BCCACF /* FirebaseStorage */,
				0CEACC1C2BEB768000BCCACF /* FirebaseStorageCombine-Community */,
			);
			productName = HabitTracker;
			productReference = 0C05510A2BDBEEE100902810 /* HabitTracker.app */;
			productType = "com.apple.product-type.application";
		};
		0C0551192BDBEEE300902810 /* HabitTrackerTests */ = {
			isa = PBXNativeTarget;
			buildConfigurationList = 0C0551312BDBEEE300902810 /* Build configuration list for PBXNativeTarget "HabitTrackerTests" */;
			buildPhases = (
				0C0551162BDBEEE300902810 /* Sources */,
				0C0551172BDBEEE300902810 /* Frameworks */,
				0C0551182BDBEEE300902810 /* Resources */,
			);
			buildRules = (
			);
			dependencies = (
				0C05511C2BDBEEE300902810 /* PBXTargetDependency */,
			);
			name = HabitTrackerTests;
			productName = HabitTrackerTests;
			productReference = 0C05511A2BDBEEE300902810 /* HabitTrackerTests.xctest */;
			productType = "com.apple.product-type.bundle.unit-test";
		};
		0C0551232BDBEEE300902810 /* HabitTrackerUITests */ = {
			isa = PBXNativeTarget;
			buildConfigurationList = 0C0551342BDBEEE300902810 /* Build configuration list for PBXNativeTarget "HabitTrackerUITests" */;
			buildPhases = (
				0C0551202BDBEEE300902810 /* Sources */,
				0C0551212BDBEEE300902810 /* Frameworks */,
				0C0551222BDBEEE300902810 /* Resources */,
			);
			buildRules = (
			);
			dependencies = (
				0C0551262BDBEEE300902810 /* PBXTargetDependency */,
			);
			name = HabitTrackerUITests;
			productName = HabitTrackerUITests;
			productReference = 0C0551242BDBEEE300902810 /* HabitTrackerUITests.xctest */;
			productType = "com.apple.product-type.bundle.ui-testing";
		};
/* End PBXNativeTarget section */

/* Begin PBXProject section */
		0C0551022BDBEEE100902810 /* Project object */ = {
			isa = PBXProject;
			attributes = {
				BuildIndependentTargetsInParallel = 1;
				LastSwiftUpdateCheck = 1530;
				LastUpgradeCheck = 1530;
				TargetAttributes = {
					0C0551092BDBEEE100902810 = {
						CreatedOnToolsVersion = 15.3;
					};
					0C0551192BDBEEE300902810 = {
						CreatedOnToolsVersion = 15.3;
						TestTargetID = 0C0551092BDBEEE100902810;
					};
					0C0551232BDBEEE300902810 = {
						CreatedOnToolsVersion = 15.3;
						TestTargetID = 0C0551092BDBEEE100902810;
					};
				};
			};
			buildConfigurationList = 0C0551052BDBEEE100902810 /* Build configuration list for PBXProject "HabitTracker" */;
			compatibilityVersion = "Xcode 14.0";
			developmentRegion = en;
			hasScannedForEncodings = 0;
			knownRegions = (
				en,
				Base,
			);
			mainGroup = 0C0551012BDBEEE100902810;
			packageReferences = (
				0C0551372BDBEF8A00902810 /* XCRemoteSwiftPackageReference "firebase-ios-sdk" */,
			);
			productRefGroup = 0C05510B2BDBEEE100902810 /* Products */;
			projectDirPath = "";
			projectRoot = "";
			targets = (
				0C0551092BDBEEE100902810 /* HabitTracker */,
				0C0551192BDBEEE300902810 /* HabitTrackerTests */,
				0C0551232BDBEEE300902810 /* HabitTrackerUITests */,
			);
		};
/* End PBXProject section */

/* Begin PBXResourcesBuildPhase section */
		0C0551082BDBEEE100902810 /* Resources */ = {
			isa = PBXResourcesBuildPhase;
			buildActionMask = 2147483647;
			files = (
				0C0551152BDBEEE300902810 /* Preview Assets.xcassets in Resources */,
				0C0551412BDBEFFC00902810 /* GoogleService-Info.plist in Resources */,
				0C0551122BDBEEE300902810 /* Assets.xcassets in Resources */,
			);
			runOnlyForDeploymentPostprocessing = 0;
		};
		0C0551182BDBEEE300902810 /* Resources */ = {
			isa = PBXResourcesBuildPhase;
			buildActionMask = 2147483647;
			files = (
			);
			runOnlyForDeploymentPostprocessing = 0;
		};
		0C0551222BDBEEE300902810 /* Resources */ = {
			isa = PBXResourcesBuildPhase;
			buildActionMask = 2147483647;
			files = (
			);
			runOnlyForDeploymentPostprocessing = 0;
		};
/* End PBXResourcesBuildPhase section */

/* Begin PBXSourcesBuildPhase section */
		0C0551062BDBEEE100902810 /* Sources */ = {
			isa = PBXSourcesBuildPhase;
			buildActionMask = 2147483647;
			files = (
				0C0551462BDBF0A300902810 /* MyDayView.swift in Sources */,
				0C0551582BDBF12600902810 /* Badge.swift in Sources */,
				0C0551482BDBF0B200902810 /* ActivityView.swift in Sources */,
				0C05515A2BDBF20100902810 /* AppColors.swift in Sources */,
				0C0551562BDBF11D00902810 /* OfficeWorkout.swift in Sources */,
				0C05515C2BEDF30F00902810 /* ActivityStatsView.swift in Sources */,
				0C0551102BDBEEE100902810 /* MainView.swift in Sources */,
				0C05510E2BDBEEE100902810 /* HabitTrackerApp.swift in Sources */,
				0C0551522BDBF10B00902810 /* Category.swift in Sources */,
				0C05514E2BDBF0EC00902810 /* UserViewModel.swift in Sources */,
				0C0551502BDBF10200902810 /* Activity.swift in Sources */,
				0C0551542BDBF11400902810 /* User.swift in Sources */,
				0C05514A2BDBF0C600902810 /* AccountView.swift in Sources */,
			);
			runOnlyForDeploymentPostprocessing = 0;
		};
		0C0551162BDBEEE300902810 /* Sources */ = {
			isa = PBXSourcesBuildPhase;
			buildActionMask = 2147483647;
			files = (
				0C05511F2BDBEEE300902810 /* HabitTrackerTests.swift in Sources */,
			);
			runOnlyForDeploymentPostprocessing = 0;
		};
		0C0551202BDBEEE300902810 /* Sources */ = {
			isa = PBXSourcesBuildPhase;
			buildActionMask = 2147483647;
			files = (
				0C05512B2BDBEEE300902810 /* HabitTrackerUITestsLaunchTests.swift in Sources */,
				0C0551292BDBEEE300902810 /* HabitTrackerUITests.swift in Sources */,
			);
			runOnlyForDeploymentPostprocessing = 0;
		};
/* End PBXSourcesBuildPhase section */

/* Begin PBXTargetDependency section */
		0C05511C2BDBEEE300902810 /* PBXTargetDependency */ = {
			isa = PBXTargetDependency;
			target = 0C0551092BDBEEE100902810 /* HabitTracker */;
			targetProxy = 0C05511B2BDBEEE300902810 /* PBXContainerItemProxy */;
		};
		0C0551262BDBEEE300902810 /* PBXTargetDependency */ = {
			isa = PBXTargetDependency;
			target = 0C0551092BDBEEE100902810 /* HabitTracker */;
			targetProxy = 0C0551252BDBEEE300902810 /* PBXContainerItemProxy */;
		};
/* End PBXTargetDependency section */

/* Begin XCBuildConfiguration section */
		0C05512C2BDBEEE300902810 /* Debug */ = {
			isa = XCBuildConfiguration;
			buildSettings = {
				ALWAYS_SEARCH_USER_PATHS = NO;
				ASSETCATALOG_COMPILER_GENERATE_SWIFT_ASSET_SYMBOL_EXTENSIONS = YES;
				CLANG_ANALYZER_NONNULL = YES;
				CLANG_ANALYZER_NUMBER_OBJECT_CONVERSION = YES_AGGRESSIVE;
				CLANG_CXX_LANGUAGE_STANDARD = "gnu++20";
				CLANG_ENABLE_MODULES = YES;
				CLANG_ENABLE_OBJC_ARC = YES;
				CLANG_ENABLE_OBJC_WEAK = YES;
				CLANG_WARN_BLOCK_CAPTURE_AUTORELEASING = YES;
				CLANG_WARN_BOOL_CONVERSION = YES;
				CLANG_WARN_COMMA = YES;
				CLANG_WARN_CONSTANT_CONVERSION = YES;
				CLANG_WARN_DEPRECATED_OBJC_IMPLEMENTATIONS = YES;
				CLANG_WARN_DIRECT_OBJC_ISA_USAGE = YES_ERROR;
				CLANG_WARN_DOCUMENTATION_COMMENTS = YES;
				CLANG_WARN_EMPTY_BODY = YES;
				CLANG_WARN_ENUM_CONVERSION = YES;
				CLANG_WARN_INFINITE_RECURSION = YES;
				CLANG_WARN_INT_CONVERSION = YES;
				CLANG_WARN_NON_LITERAL_NULL_CONVERSION = YES;
				CLANG_WARN_OBJC_IMPLICIT_RETAIN_SELF = YES;
				CLANG_WARN_OBJC_LITERAL_CONVERSION = YES;
				CLANG_WARN_OBJC_ROOT_CLASS = YES_ERROR;
				CLANG_WARN_QUOTED_INCLUDE_IN_FRAMEWORK_HEADER = YES;
				CLANG_WARN_RANGE_LOOP_ANALYSIS = YES;
				CLANG_WARN_STRICT_PROTOTYPES = YES;
				CLANG_WARN_SUSPICIOUS_MOVE = YES;
				CLANG_WARN_UNGUARDED_AVAILABILITY = YES_AGGRESSIVE;
				CLANG_WARN_UNREACHABLE_CODE = YES;
				CLANG_WARN__DUPLICATE_METHOD_MATCH = YES;
				COPY_PHASE_STRIP = NO;
				DEBUG_INFORMATION_FORMAT = dwarf;
				ENABLE_STRICT_OBJC_MSGSEND = YES;
				ENABLE_TESTABILITY = YES;
				ENABLE_USER_SCRIPT_SANDBOXING = YES;
				GCC_C_LANGUAGE_STANDARD = gnu17;
				GCC_DYNAMIC_NO_PIC = NO;
				GCC_NO_COMMON_BLOCKS = YES;
				GCC_OPTIMIZATION_LEVEL = 0;
				GCC_PREPROCESSOR_DEFINITIONS = (
					"DEBUG=1",
					"$(inherited)",
				);
				GCC_WARN_64_TO_32_BIT_CONVERSION = YES;
				GCC_WARN_ABOUT_RETURN_TYPE = YES_ERROR;
				GCC_WARN_UNDECLARED_SELECTOR = YES;
				GCC_WARN_UNINITIALIZED_AUTOS = YES_AGGRESSIVE;
				GCC_WARN_UNUSED_FUNCTION = YES;
				GCC_WARN_UNUSED_VARIABLE = YES;
				IPHONEOS_DEPLOYMENT_TARGET = 17.4;
				LOCALIZATION_PREFERS_STRING_CATALOGS = YES;
				MTL_ENABLE_DEBUG_INFO = INCLUDE_SOURCE;
				MTL_FAST_MATH = YES;
				ONLY_ACTIVE_ARCH = YES;
				SDKROOT = iphoneos;
				SWIFT_ACTIVE_COMPILATION_CONDITIONS = "DEBUG $(inherited)";
				SWIFT_OPTIMIZATION_LEVEL = "-Onone";
			};
			name = Debug;
		};
		0C05512D2BDBEEE300902810 /* Release */ = {
			isa = XCBuildConfiguration;
			buildSettings = {
				ALWAYS_SEARCH_USER_PATHS = NO;
				ASSETCATALOG_COMPILER_GENERATE_SWIFT_ASSET_SYMBOL_EXTENSIONS = YES;
				CLANG_ANALYZER_NONNULL = YES;
				CLANG_ANALYZER_NUMBER_OBJECT_CONVERSION = YES_AGGRESSIVE;
				CLANG_CXX_LANGUAGE_STANDARD = "gnu++20";
				CLANG_ENABLE_MODULES = YES;
				CLANG_ENABLE_OBJC_ARC = YES;
				CLANG_ENABLE_OBJC_WEAK = YES;
				CLANG_WARN_BLOCK_CAPTURE_AUTORELEASING = YES;
				CLANG_WARN_BOOL_CONVERSION = YES;
				CLANG_WARN_COMMA = YES;
				CLANG_WARN_CONSTANT_CONVERSION = YES;
				CLANG_WARN_DEPRECATED_OBJC_IMPLEMENTATIONS = YES;
				CLANG_WARN_DIRECT_OBJC_ISA_USAGE = YES_ERROR;
				CLANG_WARN_DOCUMENTATION_COMMENTS = YES;
				CLANG_WARN_EMPTY_BODY = YES;
				CLANG_WARN_ENUM_CONVERSION = YES;
				CLANG_WARN_INFINITE_RECURSION = YES;
				CLANG_WARN_INT_CONVERSION = YES;
				CLANG_WARN_NON_LITERAL_NULL_CONVERSION = YES;
				CLANG_WARN_OBJC_IMPLICIT_RETAIN_SELF = YES;
				CLANG_WARN_OBJC_LITERAL_CONVERSION = YES;
				CLANG_WARN_OBJC_ROOT_CLASS = YES_ERROR;
				CLANG_WARN_QUOTED_INCLUDE_IN_FRAMEWORK_HEADER = YES;
				CLANG_WARN_RANGE_LOOP_ANALYSIS = YES;
				CLANG_WARN_STRICT_PROTOTYPES = YES;
				CLANG_WARN_SUSPICIOUS_MOVE = YES;
				CLANG_WARN_UNGUARDED_AVAILABILITY = YES_AGGRESSIVE;
				CLANG_WARN_UNREACHABLE_CODE = YES;
				CLANG_WARN__DUPLICATE_METHOD_MATCH = YES;
				COPY_PHASE_STRIP = NO;
				DEBUG_INFORMATION_FORMAT = "dwarf-with-dsym";
				ENABLE_NS_ASSERTIONS = NO;
				ENABLE_STRICT_OBJC_MSGSEND = YES;
				ENABLE_USER_SCRIPT_SANDBOXING = YES;
				GCC_C_LANGUAGE_STANDARD = gnu17;
				GCC_NO_COMMON_BLOCKS = YES;
				GCC_WARN_64_TO_32_BIT_CONVERSION = YES;
				GCC_WARN_ABOUT_RETURN_TYPE = YES_ERROR;
				GCC_WARN_UNDECLARED_SELECTOR = YES;
				GCC_WARN_UNINITIALIZED_AUTOS = YES_AGGRESSIVE;
				GCC_WARN_UNUSED_FUNCTION = YES;
				GCC_WARN_UNUSED_VARIABLE = YES;
				IPHONEOS_DEPLOYMENT_TARGET = 17.4;
				LOCALIZATION_PREFERS_STRING_CATALOGS = YES;
				MTL_ENABLE_DEBUG_INFO = NO;
				MTL_FAST_MATH = YES;
				SDKROOT = iphoneos;
				SWIFT_COMPILATION_MODE = wholemodule;
				VALIDATE_PRODUCT = YES;
			};
			name = Release;
		};
		0C05512F2BDBEEE300902810 /* Debug */ = {
			isa = XCBuildConfiguration;
			buildSettings = {
				ASSETCATALOG_COMPILER_APPICON_NAME = AppIcon;
				ASSETCATALOG_COMPILER_GLOBAL_ACCENT_COLOR_NAME = AccentColor;
				CODE_SIGN_STYLE = Automatic;
				CURRENT_PROJECT_VERSION = 1;
				DEVELOPMENT_ASSET_PATHS = "\"HabitTracker/Preview Content\"";
				ENABLE_PREVIEWS = YES;
				GENERATE_INFOPLIST_FILE = YES;
				INFOPLIST_KEY_UIApplicationSceneManifest_Generation = YES;
				INFOPLIST_KEY_UIApplicationSupportsIndirectInputEvents = YES;
				INFOPLIST_KEY_UILaunchScreen_Generation = YES;
				INFOPLIST_KEY_UISupportedInterfaceOrientations_iPad = "UIInterfaceOrientationPortrait UIInterfaceOrientationPortraitUpsideDown UIInterfaceOrientationLandscapeLeft UIInterfaceOrientationLandscapeRight";
				INFOPLIST_KEY_UISupportedInterfaceOrientations_iPhone = "UIInterfaceOrientationPortrait UIInterfaceOrientationLandscapeLeft UIInterfaceOrientationLandscapeRight";
				LD_RUNPATH_SEARCH_PATHS = (
					"$(inherited)",
					"@executable_path/Frameworks",
				);
				MARKETING_VERSION = 1.0;
				PRODUCT_BUNDLE_IDENTIFIER = Jonas.HabitTracker;
				PRODUCT_NAME = "$(TARGET_NAME)";
				SWIFT_EMIT_LOC_STRINGS = YES;
				SWIFT_VERSION = 5.0;
				TARGETED_DEVICE_FAMILY = "1,2";
			};
			name = Debug;
		};
		0C0551302BDBEEE300902810 /* Release */ = {
			isa = XCBuildConfiguration;
			buildSettings = {
				ASSETCATALOG_COMPILER_APPICON_NAME = AppIcon;
				ASSETCATALOG_COMPILER_GLOBAL_ACCENT_COLOR_NAME = AccentColor;
				CODE_SIGN_STYLE = Automatic;
				CURRENT_PROJECT_VERSION = 1;
				DEVELOPMENT_ASSET_PATHS = "\"HabitTracker/Preview Content\"";
				ENABLE_PREVIEWS = YES;
				GENERATE_INFOPLIST_FILE = YES;
				INFOPLIST_KEY_UIApplicationSceneManifest_Generation = YES;
				INFOPLIST_KEY_UIApplicationSupportsIndirectInputEvents = YES;
				INFOPLIST_KEY_UILaunchScreen_Generation = YES;
				INFOPLIST_KEY_UISupportedInterfaceOrientations_iPad = "UIInterfaceOrientationPortrait UIInterfaceOrientationPortraitUpsideDown UIInterfaceOrientationLandscapeLeft UIInterfaceOrientationLandscapeRight";
				INFOPLIST_KEY_UISupportedInterfaceOrientations_iPhone = "UIInterfaceOrientationPortrait UIInterfaceOrientationLandscapeLeft UIInterfaceOrientationLandscapeRight";
				LD_RUNPATH_SEARCH_PATHS = (
					"$(inherited)",
					"@executable_path/Frameworks",
				);
				MARKETING_VERSION = 1.0;
				PRODUCT_BUNDLE_IDENTIFIER = Jonas.HabitTracker;
				PRODUCT_NAME = "$(TARGET_NAME)";
				SWIFT_EMIT_LOC_STRINGS = YES;
				SWIFT_VERSION = 5.0;
				TARGETED_DEVICE_FAMILY = "1,2";
			};
			name = Release;
		};
		0C0551322BDBEEE300902810 /* Debug */ = {
			isa = XCBuildConfiguration;
			buildSettings = {
				ALWAYS_EMBED_SWIFT_STANDARD_LIBRARIES = YES;
				BUNDLE_LOADER = "$(TEST_HOST)";
				CODE_SIGN_STYLE = Automatic;
				CURRENT_PROJECT_VERSION = 1;
				GENERATE_INFOPLIST_FILE = YES;
				IPHONEOS_DEPLOYMENT_TARGET = 17.4;
				MARKETING_VERSION = 1.0;
				PRODUCT_BUNDLE_IDENTIFIER = Jonas.HabitTrackerTests;
				PRODUCT_NAME = "$(TARGET_NAME)";
				SWIFT_EMIT_LOC_STRINGS = NO;
				SWIFT_VERSION = 5.0;
				TARGETED_DEVICE_FAMILY = "1,2";
				TEST_HOST = "$(BUILT_PRODUCTS_DIR)/HabitTracker.app/$(BUNDLE_EXECUTABLE_FOLDER_PATH)/HabitTracker";
			};
			name = Debug;
		};
		0C0551332BDBEEE300902810 /* Release */ = {
			isa = XCBuildConfiguration;
			buildSettings = {
				ALWAYS_EMBED_SWIFT_STANDARD_LIBRARIES = YES;
				BUNDLE_LOADER = "$(TEST_HOST)";
				CODE_SIGN_STYLE = Automatic;
				CURRENT_PROJECT_VERSION = 1;
				GENERATE_INFOPLIST_FILE = YES;
				IPHONEOS_DEPLOYMENT_TARGET = 17.4;
				MARKETING_VERSION = 1.0;
				PRODUCT_BUNDLE_IDENTIFIER = Jonas.HabitTrackerTests;
				PRODUCT_NAME = "$(TARGET_NAME)";
				SWIFT_EMIT_LOC_STRINGS = NO;
				SWIFT_VERSION = 5.0;
				TARGETED_DEVICE_FAMILY = "1,2";
				TEST_HOST = "$(BUILT_PRODUCTS_DIR)/HabitTracker.app/$(BUNDLE_EXECUTABLE_FOLDER_PATH)/HabitTracker";
			};
			name = Release;
		};
		0C0551352BDBEEE300902810 /* Debug */ = {
			isa = XCBuildConfiguration;
			buildSettings = {
				ALWAYS_EMBED_SWIFT_STANDARD_LIBRARIES = YES;
				CODE_SIGN_STYLE = Automatic;
				CURRENT_PROJECT_VERSION = 1;
				GENERATE_INFOPLIST_FILE = YES;
				MARKETING_VERSION = 1.0;
				PRODUCT_BUNDLE_IDENTIFIER = Jonas.HabitTrackerUITests;
				PRODUCT_NAME = "$(TARGET_NAME)";
				SWIFT_EMIT_LOC_STRINGS = NO;
				SWIFT_VERSION = 5.0;
				TARGETED_DEVICE_FAMILY = "1,2";
				TEST_TARGET_NAME = HabitTracker;
			};
			name = Debug;
		};
		0C0551362BDBEEE300902810 /* Release */ = {
			isa = XCBuildConfiguration;
			buildSettings = {
				ALWAYS_EMBED_SWIFT_STANDARD_LIBRARIES = YES;
				CODE_SIGN_STYLE = Automatic;
				CURRENT_PROJECT_VERSION = 1;
				GENERATE_INFOPLIST_FILE = YES;
				MARKETING_VERSION = 1.0;
				PRODUCT_BUNDLE_IDENTIFIER = Jonas.HabitTrackerUITests;
				PRODUCT_NAME = "$(TARGET_NAME)";
				SWIFT_EMIT_LOC_STRINGS = NO;
				SWIFT_VERSION = 5.0;
				TARGETED_DEVICE_FAMILY = "1,2";
				TEST_TARGET_NAME = HabitTracker;
			};
			name = Release;
		};
/* End XCBuildConfiguration section */

/* Begin XCConfigurationList section */
		0C0551052BDBEEE100902810 /* Build configuration list for PBXProject "HabitTracker" */ = {
			isa = XCConfigurationList;
			buildConfigurations = (
				0C05512C2BDBEEE300902810 /* Debug */,
				0C05512D2BDBEEE300902810 /* Release */,
			);
			defaultConfigurationIsVisible = 0;
			defaultConfigurationName = Release;
		};
		0C05512E2BDBEEE300902810 /* Build configuration list for PBXNativeTarget "HabitTracker" */ = {
			isa = XCConfigurationList;
			buildConfigurations = (
				0C05512F2BDBEEE300902810 /* Debug */,
				0C0551302BDBEEE300902810 /* Release */,
			);
			defaultConfigurationIsVisible = 0;
			defaultConfigurationName = Release;
		};
		0C0551312BDBEEE300902810 /* Build configuration list for PBXNativeTarget "HabitTrackerTests" */ = {
			isa = XCConfigurationList;
			buildConfigurations = (
				0C0551322BDBEEE300902810 /* Debug */,
				0C0551332BDBEEE300902810 /* Release */,
			);
			defaultConfigurationIsVisible = 0;
			defaultConfigurationName = Release;
		};
		0C0551342BDBEEE300902810 /* Build configuration list for PBXNativeTarget "HabitTrackerUITests" */ = {
			isa = XCConfigurationList;
			buildConfigurations = (
				0C0551352BDBEEE300902810 /* Debug */,
				0C0551362BDBEEE300902810 /* Release */,
			);
			defaultConfigurationIsVisible = 0;
			defaultConfigurationName = Release;
		};
/* End XCConfigurationList section */

/* Begin XCRemoteSwiftPackageReference section */
		0C0551372BDBEF8A00902810 /* XCRemoteSwiftPackageReference "firebase-ios-sdk" */ = {
			isa = XCRemoteSwiftPackageReference;
			repositoryURL = "https://github.com/firebase/firebase-ios-sdk";
			requirement = {
				kind = upToNextMajorVersion;
				minimumVersion = 10.24.0;
			};
		};
/* End XCRemoteSwiftPackageReference section */

/* Begin XCSwiftPackageProductDependency section */
		0C0551382BDBEF8A00902810 /* FirebaseAuth */ = {
			isa = XCSwiftPackageProductDependency;
			package = 0C0551372BDBEF8A00902810 /* XCRemoteSwiftPackageReference "firebase-ios-sdk" */;
			productName = FirebaseAuth;
		};
		0C05513A2BDBEF8A00902810 /* FirebaseFirestore */ = {
			isa = XCSwiftPackageProductDependency;
			package = 0C0551372BDBEF8A00902810 /* XCRemoteSwiftPackageReference "firebase-ios-sdk" */;
			productName = FirebaseFirestore;
		};
		0C05513C2BDBEF8A00902810 /* FirebaseFirestoreSwift */ = {
			isa = XCSwiftPackageProductDependency;
			package = 0C0551372BDBEF8A00902810 /* XCRemoteSwiftPackageReference "firebase-ios-sdk" */;
			productName = FirebaseFirestoreSwift;
		};
		0CEACC1A2BEB768000BCCACF /* FirebaseStorage */ = {
			isa = XCSwiftPackageProductDependency;
			package = 0C0551372BDBEF8A00902810 /* XCRemoteSwiftPackageReference "firebase-ios-sdk" */;
			productName = FirebaseStorage;
		};
		0CEACC1C2BEB768000BCCACF /* FirebaseStorageCombine-Community */ = {
			isa = XCSwiftPackageProductDependency;
			package = 0C0551372BDBEF8A00902810 /* XCRemoteSwiftPackageReference "firebase-ios-sdk" */;
			productName = "FirebaseStorageCombine-Community";
		};
/* End XCSwiftPackageProductDependency section */
	};
	rootObject = 0C0551022BDBEEE100902810 /* Project object */;
}
